{
  "name": "softskills",
  "version": "1.0.0",
  "lockfileVersion": 1,
  "requires": true,
  "dependencies": {
    "aframe-physics-system": {
      "version": "4.0.1",
      "resolved": "https://registry.npmjs.org/aframe-physics-system/-/aframe-physics-system-4.0.1.tgz",
      "integrity": "sha512-KzgWd9sCdxI+bbLNwHHIkXMDH9Z8G/w3l4z2cfdbM0JusQ5giHMq/ONVmLJXNm1YZyE+QSfsE+YwjCLnJyE25w==",
      "requires": {
        "ammo-debug-drawer": "github:infinitelee/ammo-debug-drawer",
        "cannon": "github:donmccurdy/cannon.js#v0.6.2-dev1",
        "three-to-ammo": "github:infinitelee/three-to-ammo",
        "three-to-cannon": "^1.3.0",
        "webworkify": "^1.4.0"
      }
    },
    "aframe-ui-widgets": {
      "version": "1.0.2",
      "resolved": "https://registry.npmjs.org/aframe-ui-widgets/-/aframe-ui-widgets-1.0.2.tgz",
      "integrity": "sha1-7ZNy/f7nCHyD7vTpgCDgXh4bJ48="
    },
    "ammo-debug-drawer": {
      "version": "github:infinitelee/ammo-debug-drawer#561fd698109e61456f34136a53dd08b45d4ad9ca",
      "from": "github:infinitelee/ammo-debug-drawer"
    },
    "cannon": {
      "version": "github:donmccurdy/cannon.js#022e8ba53fa83abf0ad8a0e4fd08623123838a17",
      "from": "github:donmccurdy/cannon.js#v0.6.2-dev1"
    },
    "three-to-ammo": {
      "version": "github:infinitelee/three-to-ammo#a15da9afc16b834f6c1906ab94e0ab3071e9ff09",
      "from": "github:infinitelee/three-to-ammo"
    },
    "three-to-cannon": {
      "version": "1.4.1",
      "resolved": "https://registry.npmjs.org/three-to-cannon/-/three-to-cannon-1.4.1.tgz",
      "integrity": "sha512-AhaDXAqRg48wYBjMGo/Nxl0o67sW4/nGN3yIIfxMkQwL5nYLaLVnkz6aQNpn1vNNKuqHhqLFCZR7qSnSXzhhog=="
    },
    "webworkify": {
      "version": "1.5.0",
      "resolved": "https://registry.npmjs.org/webworkify/-/webworkify-1.5.0.tgz",
      "integrity": "sha512-AMcUeyXAhbACL8S2hqqdqOLqvJ8ylmIbNwUIqQujRSouf4+eUFaXbG6F1Rbu+srlJMmxQWsiU7mOJi0nMBfM1g=="
    }
  }
}
